
Microsoft Visual Studio Solution File, Format Version 12.00
# Visual Studio Version 17
VisualStudioVersion = 17.8.34004.107
MinimumVisualStudioVersion = 10.0.40219.1
Project("{FAE04EC0-301F-11D3-BF4B-00C04F79EFBC}") = "ASiNet.SyntaxHelper", "ASiNet.SyntaxHelper\ASiNet.SyntaxHelper.csproj", "{F1295E83-845F-4024-8A69-04D6BDBD0C2E}"
EndProject
Project("{FAE04EC0-301F-11D3-BF4B-00C04F79EFBC}") = "Test", "Test\Test.csproj", "{FD47AD52-BBE9-4AAC-9613-C96BB40542C5}"
EndProject
Project("{FAE04EC0-301F-11D3-BF4B-00C04F79EFBC}") = "ASiNet.AssemblysHelper", "ASiNet.AssemblysHelper\ASiNet.AssemblysHelper.csproj", "{8305E483-ECDC-4A9A-B756-DD46397F35D0}"
EndProject
Global
	GlobalSection(SolutionConfigurationPlatforms) = preSolution
		Debug|Any CPU = Debug|Any CPU
		Release|Any CPU = Release|Any CPU
	EndGlobalSection
	GlobalSection(ProjectConfigurationPlatforms) = postSolution
		{F1295E83-845F-4024-8A69-04D6BDBD0C2E}.Debug|Any CPU.ActiveCfg = Debug|Any CPU
		{F1295E83-845F-4024-8A69-04D6BDBD0C2E}.Debug|Any CPU.Build.0 = Debug|Any CPU
		{F1295E83-845F-4024-8A69-04D6BDBD0C2E}.Release|Any CPU.ActiveCfg = Release|Any CPU
		{F1295E83-845F-4024-8A69-04D6BDBD0C2E}.Release|Any CPU.Build.0 = Release|Any CPU
		{FD47AD52-BBE9-4AAC-9613-C96BB40542C5}.Debug|Any CPU.ActiveCfg = Debug|Any CPU
		{FD47AD52-BBE9-4AAC-9613-C96BB40542C5}.Debug|Any CPU.Build.0 = Debug|Any CPU
		{FD47AD52-BBE9-4AAC-9613-C96BB40542C5}.Release|Any CPU.ActiveCfg = Release|Any CPU
		{FD47AD52-BBE9-4AAC-9613-C96BB40542C5}.Release|Any CPU.Build.0 = Release|Any CPU
		{8305E483-ECDC-4A9A-B756-DD46397F35D0}.Debug|Any CPU.ActiveCfg = Debug|Any CPU
		{8305E483-ECDC-4A9A-B756-DD46397F35D0}.Debug|Any CPU.Build.0 = Debug|Any CPU
		{8305E483-ECDC-4A9A-B756-DD46397F35D0}.Release|Any CPU.ActiveCfg = Release|Any CPU
		{8305E483-ECDC-4A9A-B756-DD46397F35D0}.Release|Any CPU.Build.0 = Release|Any CPU
	EndGlobalSection
	GlobalSection(SolutionProperties) = preSolution
		HideSolutionNode = FALSE
	EndGlobalSection
	GlobalSection(ExtensibilityGlobals) = postSolution
		SolutionGuid = {E416A258-03AE-481F-A3F7-586DEED206FF}
	EndGlobalSection
EndGlobal
